
Microsoft Visual Studio Solution File, Format Version 12.00
# Visual Studio Version 16
VisualStudioVersion = 16.0.31624.102
MinimumVisualStudioVersion = 10.0.40219.1
Project("{FAE04EC0-301F-11D3-BF4B-00C04F79EFBC}") = "LosTechies.DaysOfRefactoring.SampleCode", "LosTechies.DaysOfRefactoring.SampleCode\LosTechies.DaysOfRefactoring.SampleCode.csproj", "{0657D534-2190-4295-BFDF-8D982088F894}"
EndProject
Project("{9A19103F-16F7-4668-BE54-9A1E7A4F7556}") = "01-EncapsulateCollection", "01-EncapsulateCollection\01-EncapsulateCollection.csproj", "{B8A0EF66-30EA-4663-B666-3C8FEFC99FEB}"
EndProject
Project("{9A19103F-16F7-4668-BE54-9A1E7A4F7556}") = "02-MoveMethod", "02-MoveMethod\02-MoveMethod.csproj", "{72BE33E3-788B-4541-9937-C2A11026F4CF}"
EndProject
Project("{9A19103F-16F7-4668-BE54-9A1E7A4F7556}") = "03-PullUpMethod", "03-PullUpMethod\03-PullUpMethod.csproj", "{751072E7-2DC7-48DA-BBC7-DD610ED47CCD}"
EndProject
Project("{FAE04EC0-301F-11D3-BF4B-00C04F79EFBC}") = "04-PushDownMethod", "04-PushDownMethod\04-PushDownMethod.csproj", "{C0AB2EFE-FEC1-4DB3-A33C-37FF846A054F}"
EndProject
Project("{FAE04EC0-301F-11D3-BF4B-00C04F79EFBC}") = "05-PullUpField", "05-PullUpField\05-PullUpField.csproj", "{B6366E85-CBD2-4AD4-8C4C-18A187CAF901}"
EndProject
Project("{FAE04EC0-301F-11D3-BF4B-00C04F79EFBC}") = "06-PushDownField", "06-PushDownField\06-PushDownField.csproj", "{AB0AC03E-F50C-478B-882A-024F2ED53DF9}"
EndProject
Project("{FAE04EC0-301F-11D3-BF4B-00C04F79EFBC}") = "07-Rename", "07-Rename\07-Rename.csproj", "{A6747C6A-913A-4848-95F9-33834427B24A}"
EndProject
Global
	GlobalSection(SolutionConfigurationPlatforms) = preSolution
		Debug|Any CPU = Debug|Any CPU
		Release|Any CPU = Release|Any CPU
	EndGlobalSection
	GlobalSection(ProjectConfigurationPlatforms) = postSolution
		{0657D534-2190-4295-BFDF-8D982088F894}.Debug|Any CPU.ActiveCfg = Debug|Any CPU
		{0657D534-2190-4295-BFDF-8D982088F894}.Debug|Any CPU.Build.0 = Debug|Any CPU
		{0657D534-2190-4295-BFDF-8D982088F894}.Release|Any CPU.ActiveCfg = Release|Any CPU
		{0657D534-2190-4295-BFDF-8D982088F894}.Release|Any CPU.Build.0 = Release|Any CPU
		{B8A0EF66-30EA-4663-B666-3C8FEFC99FEB}.Debug|Any CPU.ActiveCfg = Debug|Any CPU
		{B8A0EF66-30EA-4663-B666-3C8FEFC99FEB}.Debug|Any CPU.Build.0 = Debug|Any CPU
		{B8A0EF66-30EA-4663-B666-3C8FEFC99FEB}.Release|Any CPU.ActiveCfg = Release|Any CPU
		{B8A0EF66-30EA-4663-B666-3C8FEFC99FEB}.Release|Any CPU.Build.0 = Release|Any CPU
		{72BE33E3-788B-4541-9937-C2A11026F4CF}.Debug|Any CPU.ActiveCfg = Debug|Any CPU
		{72BE33E3-788B-4541-9937-C2A11026F4CF}.Debug|Any CPU.Build.0 = Debug|Any CPU
		{72BE33E3-788B-4541-9937-C2A11026F4CF}.Release|Any CPU.ActiveCfg = Release|Any CPU
		{72BE33E3-788B-4541-9937-C2A11026F4CF}.Release|Any CPU.Build.0 = Release|Any CPU
		{751072E7-2DC7-48DA-BBC7-DD610ED47CCD}.Debug|Any CPU.ActiveCfg = Debug|Any CPU
		{751072E7-2DC7-48DA-BBC7-DD610ED47CCD}.Debug|Any CPU.Build.0 = Debug|Any CPU
		{751072E7-2DC7-48DA-BBC7-DD610ED47CCD}.Release|Any CPU.ActiveCfg = Release|Any CPU
		{751072E7-2DC7-48DA-BBC7-DD610ED47CCD}.Release|Any CPU.Build.0 = Release|Any CPU
		{C0AB2EFE-FEC1-4DB3-A33C-37FF846A054F}.Debug|Any CPU.ActiveCfg = Debug|Any CPU
		{C0AB2EFE-FEC1-4DB3-A33C-37FF846A054F}.Debug|Any CPU.Build.0 = Debug|Any CPU
		{C0AB2EFE-FEC1-4DB3-A33C-37FF846A054F}.Release|Any CPU.ActiveCfg = Release|Any CPU
		{C0AB2EFE-FEC1-4DB3-A33C-37FF846A054F}.Release|Any CPU.Build.0 = Release|Any CPU
		{B6366E85-CBD2-4AD4-8C4C-18A187CAF901}.Debug|Any CPU.ActiveCfg = Debug|Any CPU
		{B6366E85-CBD2-4AD4-8C4C-18A187CAF901}.Debug|Any CPU.Build.0 = Debug|Any CPU
		{B6366E85-CBD2-4AD4-8C4C-18A187CAF901}.Release|Any CPU.ActiveCfg = Release|Any CPU
		{B6366E85-CBD2-4AD4-8C4C-18A187CAF901}.Release|Any CPU.Build.0 = Release|Any CPU
		{AB0AC03E-F50C-478B-882A-024F2ED53DF9}.Debug|Any CPU.ActiveCfg = Debug|Any CPU
		{AB0AC03E-F50C-478B-882A-024F2ED53DF9}.Debug|Any CPU.Build.0 = Debug|Any CPU
		{AB0AC03E-F50C-478B-882A-024F2ED53DF9}.Release|Any CPU.ActiveCfg = Release|Any CPU
		{AB0AC03E-F50C-478B-882A-024F2ED53DF9}.Release|Any CPU.Build.0 = Release|Any CPU
		{A6747C6A-913A-4848-95F9-33834427B24A}.Debug|Any CPU.ActiveCfg = Debug|Any CPU
		{A6747C6A-913A-4848-95F9-33834427B24A}.Debug|Any CPU.Build.0 = Debug|Any CPU
		{A6747C6A-913A-4848-95F9-33834427B24A}.Release|Any CPU.ActiveCfg = Release|Any CPU
		{A6747C6A-913A-4848-95F9-33834427B24A}.Release|Any CPU.Build.0 = Release|Any CPU
	EndGlobalSection
	GlobalSection(SolutionProperties) = preSolution
		HideSolutionNode = FALSE
	EndGlobalSection
	GlobalSection(ExtensibilityGlobals) = postSolution
		SolutionGuid = {2AC5D593-1505-49A4-AF6E-16C12281711D}
	EndGlobalSection
EndGlobal
