
Microsoft Visual Studio Solution File, Format Version 12.00
# Visual Studio Version 16
VisualStudioVersion = 16.0.31624.102
MinimumVisualStudioVersion = 10.0.40219.1
Project("{FAE04EC0-301F-11D3-BF4B-00C04F79EFBC}") = "LosTechies.DaysOfRefactoring.SampleCode", "LosTechies.DaysOfRefactoring.SampleCode\LosTechies.DaysOfRefactoring.SampleCode.csproj", "{0657D534-2190-4295-BFDF-8D982088F894}"
EndProject
Project("{FAE04EC0-301F-11D3-BF4B-00C04F79EFBC}") = "01-EncapsulateCollection", "01-EncapsulateCollection\01-EncapsulateCollection.csproj", "{B8A0EF66-30EA-4663-B666-3C8FEFC99FEB}"
EndProject
Project("{FAE04EC0-301F-11D3-BF4B-00C04F79EFBC}") = "02-MoveMethod", "02-MoveMethod\02-MoveMethod.csproj", "{72BE33E3-788B-4541-9937-C2A11026F4CF}"
EndProject
Global
	GlobalSection(SolutionConfigurationPlatforms) = preSolution
		Debug|Any CPU = Debug|Any CPU
		Release|Any CPU = Release|Any CPU
	EndGlobalSection
	GlobalSection(ProjectConfigurationPlatforms) = postSolution
		{0657D534-2190-4295-BFDF-8D982088F894}.Debug|Any CPU.ActiveCfg = Debug|Any CPU
		{0657D534-2190-4295-BFDF-8D982088F894}.Debug|Any CPU.Build.0 = Debug|Any CPU
		{0657D534-2190-4295-BFDF-8D982088F894}.Release|Any CPU.ActiveCfg = Release|Any CPU
		{0657D534-2190-4295-BFDF-8D982088F894}.Release|Any CPU.Build.0 = Release|Any CPU
		{B8A0EF66-30EA-4663-B666-3C8FEFC99FEB}.Debug|Any CPU.ActiveCfg = Debug|Any CPU
		{B8A0EF66-30EA-4663-B666-3C8FEFC99FEB}.Debug|Any CPU.Build.0 = Debug|Any CPU
		{B8A0EF66-30EA-4663-B666-3C8FEFC99FEB}.Release|Any CPU.ActiveCfg = Release|Any CPU
		{B8A0EF66-30EA-4663-B666-3C8FEFC99FEB}.Release|Any CPU.Build.0 = Release|Any CPU
		{72BE33E3-788B-4541-9937-C2A11026F4CF}.Debug|Any CPU.ActiveCfg = Debug|Any CPU
		{72BE33E3-788B-4541-9937-C2A11026F4CF}.Debug|Any CPU.Build.0 = Debug|Any CPU
		{72BE33E3-788B-4541-9937-C2A11026F4CF}.Release|Any CPU.ActiveCfg = Release|Any CPU
		{72BE33E3-788B-4541-9937-C2A11026F4CF}.Release|Any CPU.Build.0 = Release|Any CPU
	EndGlobalSection
	GlobalSection(SolutionProperties) = preSolution
		HideSolutionNode = FALSE
	EndGlobalSection
	GlobalSection(ExtensibilityGlobals) = postSolution
		SolutionGuid = {2AC5D593-1505-49A4-AF6E-16C12281711D}
	EndGlobalSection
EndGlobal
